
Microsoft Visual Studio Solution File, Format Version 11.00
# Visual Studio 2010
Project("{FAE04EC0-301F-11D3-BF4B-00C04F79EFBC}") = "DZ.Test", "DZ.Test.csproj", "{c5cfa0bb-b3f3-e6eb-f2c5-36cc53d38a8e}"
EndProject
Project("{FAE04EC0-301F-11D3-BF4B-00C04F79EFBC}") = "DZ", "DZ.csproj", "{914c507d-2534-f29a-fda5-4d942c4ceed1}"
EndProject
Project("{FAE04EC0-301F-11D3-BF4B-00C04F79EFBC}") = "Assembly-CSharp", "Assembly-CSharp.csproj", "{c887937e-92e9-8d74-a303-0daf6d6c7861}"
EndProject
Global
	GlobalSection(SolutionConfigurationPlatforms) = preSolution
		Debug|Any CPU = Debug|Any CPU
	EndGlobalSection
	GlobalSection(ProjectConfigurationPlatforms) = postSolution
		{c5cfa0bb-b3f3-e6eb-f2c5-36cc53d38a8e}.Debug|Any CPU.ActiveCfg = Debug|Any CPU
		{c5cfa0bb-b3f3-e6eb-f2c5-36cc53d38a8e}.Debug|Any CPU.Build.0 = Debug|Any CPU
		{914c507d-2534-f29a-fda5-4d942c4ceed1}.Debug|Any CPU.ActiveCfg = Debug|Any CPU
		{914c507d-2534-f29a-fda5-4d942c4ceed1}.Debug|Any CPU.Build.0 = Debug|Any CPU
		{c887937e-92e9-8d74-a303-0daf6d6c7861}.Debug|Any CPU.ActiveCfg = Debug|Any CPU
		{c887937e-92e9-8d74-a303-0daf6d6c7861}.Debug|Any CPU.Build.0 = Debug|Any CPU
	EndGlobalSection
	GlobalSection(SolutionProperties) = preSolution
		HideSolutionNode = FALSE
	EndGlobalSection
EndGlobal
